
Microsoft Visual Studio Solution File, Format Version 12.00
Project("{FAE04EC0-301F-11D3-BF4B-00C04F79EFBC}") = "Boruvka", "Boruvka\Boruvka.csproj", "{3645913D-A637-4D19-8436-7EDC97F80E34}"
EndProject
Project("{FAE04EC0-301F-11D3-BF4B-00C04F79EFBC}") = "Kruskal", "Kruskal\Kruskal.csproj", "{91EC21D5-CF95-411A-AE8E-BDEBDA01A8A0}"
EndProject
Project("{FAE04EC0-301F-11D3-BF4B-00C04F79EFBC}") = "Testing", "Testing\Testing.csproj", "{2A2F34FF-9C64-45AB-807D-0B42DD99A171}"
EndProject
Project("{FAE04EC0-301F-11D3-BF4B-00C04F79EFBC}") = "Common", "Common\Common.csproj", "{F5516480-2840-428F-B02E-6F8FAD19D58E}"
EndProject
Global
	GlobalSection(SolutionConfigurationPlatforms) = preSolution
		Debug|Any CPU = Debug|Any CPU
		Release|Any CPU = Release|Any CPU
	EndGlobalSection
	GlobalSection(ProjectConfigurationPlatforms) = postSolution
		{3645913D-A637-4D19-8436-7EDC97F80E34}.Debug|Any CPU.ActiveCfg = Debug|Any CPU
		{3645913D-A637-4D19-8436-7EDC97F80E34}.Debug|Any CPU.Build.0 = Debug|Any CPU
		{3645913D-A637-4D19-8436-7EDC97F80E34}.Release|Any CPU.ActiveCfg = Release|Any CPU
		{3645913D-A637-4D19-8436-7EDC97F80E34}.Release|Any CPU.Build.0 = Release|Any CPU
		{91EC21D5-CF95-411A-AE8E-BDEBDA01A8A0}.Debug|Any CPU.ActiveCfg = Debug|Any CPU
		{91EC21D5-CF95-411A-AE8E-BDEBDA01A8A0}.Debug|Any CPU.Build.0 = Debug|Any CPU
		{91EC21D5-CF95-411A-AE8E-BDEBDA01A8A0}.Release|Any CPU.ActiveCfg = Release|Any CPU
		{91EC21D5-CF95-411A-AE8E-BDEBDA01A8A0}.Release|Any CPU.Build.0 = Release|Any CPU
		{2A2F34FF-9C64-45AB-807D-0B42DD99A171}.Debug|Any CPU.ActiveCfg = Debug|Any CPU
		{2A2F34FF-9C64-45AB-807D-0B42DD99A171}.Debug|Any CPU.Build.0 = Debug|Any CPU
		{2A2F34FF-9C64-45AB-807D-0B42DD99A171}.Release|Any CPU.ActiveCfg = Release|Any CPU
		{2A2F34FF-9C64-45AB-807D-0B42DD99A171}.Release|Any CPU.Build.0 = Release|Any CPU
		{F5516480-2840-428F-B02E-6F8FAD19D58E}.Debug|Any CPU.ActiveCfg = Debug|Any CPU
		{F5516480-2840-428F-B02E-6F8FAD19D58E}.Debug|Any CPU.Build.0 = Debug|Any CPU
		{F5516480-2840-428F-B02E-6F8FAD19D58E}.Release|Any CPU.ActiveCfg = Release|Any CPU
		{F5516480-2840-428F-B02E-6F8FAD19D58E}.Release|Any CPU.Build.0 = Release|Any CPU
	EndGlobalSection
EndGlobal
